
Microsoft Visual Studio Solution File, Format Version 12.00
# Visual Studio Version 17
VisualStudioVersion = 17.10.35027.167
MinimumVisualStudioVersion = 10.0.40219.1
Project("{2150E333-8FDC-42A3-9474-1A3956D46DE8}") = "Services", "Services", "{8D4ECD7B-9DDE-4A01-BB1E-E3FDDEFFDEEF}"
EndProject
Project("{2150E333-8FDC-42A3-9474-1A3956D46DE8}") = "Catalog", "Catalog", "{AE4DEE02-012E-49CC-8089-7EDCF52A7B42}"
EndProject
Project("{9A19103F-16F7-4668-BE54-9A1E7A4F7556}") = "MultiShop.Catalog", "Services\Catalog\MultiShop.Catalog\MultiShop.Catalog.csproj", "{F9EFDFC6-2C24-4F43-BA9B-7B20D4CF0A91}"
EndProject
Project("{2150E333-8FDC-42A3-9474-1A3956D46DE8}") = "Discount", "Discount", "{23E1F83C-C129-447A-B113-34CFB272DFF9}"
EndProject
Project("{9A19103F-16F7-4668-BE54-9A1E7A4F7556}") = "MultiShop.Discount", "Services\Discount\MultiShop.Discount\MultiShop.Discount.csproj", "{B45EC809-651C-423B-BD94-F2C2243A01E4}"
EndProject
Project("{2150E333-8FDC-42A3-9474-1A3956D46DE8}") = "Order", "Order", "{4BD92379-2858-4DF7-A7CE-FBC6C36F2815}"
EndProject
Project("{2150E333-8FDC-42A3-9474-1A3956D46DE8}") = "Core", "Core", "{5A06FA34-128D-4A69-8B56-FD90C9FC6C6F}"
EndProject
Project("{2150E333-8FDC-42A3-9474-1A3956D46DE8}") = "Infrastructure", "Infrastructure", "{017B25BB-3EEC-471E-A5F0-B7ABFD380056}"
EndProject
Project("{2150E333-8FDC-42A3-9474-1A3956D46DE8}") = "Presentation", "Presentation", "{D4266FA9-EBB5-4F73-899E-8B83831DD5B4}"
EndProject
Project("{9A19103F-16F7-4668-BE54-9A1E7A4F7556}") = "MultiShop.Order.API", "Services\Order\Presentation\MultiShop.Order.API\MultiShop.Order.API.csproj", "{18B807E9-6879-4489-8ABF-D7A6E0E53333}"
EndProject
Project("{9A19103F-16F7-4668-BE54-9A1E7A4F7556}") = "MultiShop.Order.Persistence", "Services\Order\Infrastructure\MultiShop.Order.Persistence\MultiShop.Order.Persistence.csproj", "{A86A77BF-C353-4263-BE97-46924511D576}"
EndProject
Project("{9A19103F-16F7-4668-BE54-9A1E7A4F7556}") = "MultiShop.Order.Application", "Services\Order\Core\MultiShop.Order.Application\MultiShop.Order.Application.csproj", "{777A33C2-6F30-4890-8461-5B14BDCC0408}"
EndProject
Project("{9A19103F-16F7-4668-BE54-9A1E7A4F7556}") = "MultiShop.Order.Domain", "Services\Order\Core\MultiShop.Order.Domain\MultiShop.Order.Domain.csproj", "{35855D07-1EEA-42A0-B439-D22AEBEF62F9}"
EndProject
Global
	GlobalSection(SolutionConfigurationPlatforms) = preSolution
		Debug|Any CPU = Debug|Any CPU
		Release|Any CPU = Release|Any CPU
	EndGlobalSection
	GlobalSection(ProjectConfigurationPlatforms) = postSolution
		{F9EFDFC6-2C24-4F43-BA9B-7B20D4CF0A91}.Debug|Any CPU.ActiveCfg = Debug|Any CPU
		{F9EFDFC6-2C24-4F43-BA9B-7B20D4CF0A91}.Debug|Any CPU.Build.0 = Debug|Any CPU
		{F9EFDFC6-2C24-4F43-BA9B-7B20D4CF0A91}.Release|Any CPU.ActiveCfg = Release|Any CPU
		{F9EFDFC6-2C24-4F43-BA9B-7B20D4CF0A91}.Release|Any CPU.Build.0 = Release|Any CPU
		{B45EC809-651C-423B-BD94-F2C2243A01E4}.Debug|Any CPU.ActiveCfg = Debug|Any CPU
		{B45EC809-651C-423B-BD94-F2C2243A01E4}.Debug|Any CPU.Build.0 = Debug|Any CPU
		{B45EC809-651C-423B-BD94-F2C2243A01E4}.Release|Any CPU.ActiveCfg = Release|Any CPU
		{B45EC809-651C-423B-BD94-F2C2243A01E4}.Release|Any CPU.Build.0 = Release|Any CPU
		{18B807E9-6879-4489-8ABF-D7A6E0E53333}.Debug|Any CPU.ActiveCfg = Debug|Any CPU
		{18B807E9-6879-4489-8ABF-D7A6E0E53333}.Debug|Any CPU.Build.0 = Debug|Any CPU
		{18B807E9-6879-4489-8ABF-D7A6E0E53333}.Release|Any CPU.ActiveCfg = Release|Any CPU
		{18B807E9-6879-4489-8ABF-D7A6E0E53333}.Release|Any CPU.Build.0 = Release|Any CPU
		{A86A77BF-C353-4263-BE97-46924511D576}.Debug|Any CPU.ActiveCfg = Debug|Any CPU
		{A86A77BF-C353-4263-BE97-46924511D576}.Debug|Any CPU.Build.0 = Debug|Any CPU
		{A86A77BF-C353-4263-BE97-46924511D576}.Release|Any CPU.ActiveCfg = Release|Any CPU
		{A86A77BF-C353-4263-BE97-46924511D576}.Release|Any CPU.Build.0 = Release|Any CPU
		{777A33C2-6F30-4890-8461-5B14BDCC0408}.Debug|Any CPU.ActiveCfg = Debug|Any CPU
		{777A33C2-6F30-4890-8461-5B14BDCC0408}.Debug|Any CPU.Build.0 = Debug|Any CPU
		{777A33C2-6F30-4890-8461-5B14BDCC0408}.Release|Any CPU.ActiveCfg = Release|Any CPU
		{777A33C2-6F30-4890-8461-5B14BDCC0408}.Release|Any CPU.Build.0 = Release|Any CPU
		{35855D07-1EEA-42A0-B439-D22AEBEF62F9}.Debug|Any CPU.ActiveCfg = Debug|Any CPU
		{35855D07-1EEA-42A0-B439-D22AEBEF62F9}.Debug|Any CPU.Build.0 = Debug|Any CPU
		{35855D07-1EEA-42A0-B439-D22AEBEF62F9}.Release|Any CPU.ActiveCfg = Release|Any CPU
		{35855D07-1EEA-42A0-B439-D22AEBEF62F9}.Release|Any CPU.Build.0 = Release|Any CPU
	EndGlobalSection
	GlobalSection(SolutionProperties) = preSolution
		HideSolutionNode = FALSE
	EndGlobalSection
	GlobalSection(NestedProjects) = preSolution
		{AE4DEE02-012E-49CC-8089-7EDCF52A7B42} = {8D4ECD7B-9DDE-4A01-BB1E-E3FDDEFFDEEF}
		{F9EFDFC6-2C24-4F43-BA9B-7B20D4CF0A91} = {AE4DEE02-012E-49CC-8089-7EDCF52A7B42}
		{23E1F83C-C129-447A-B113-34CFB272DFF9} = {8D4ECD7B-9DDE-4A01-BB1E-E3FDDEFFDEEF}
		{B45EC809-651C-423B-BD94-F2C2243A01E4} = {23E1F83C-C129-447A-B113-34CFB272DFF9}
		{4BD92379-2858-4DF7-A7CE-FBC6C36F2815} = {8D4ECD7B-9DDE-4A01-BB1E-E3FDDEFFDEEF}
		{5A06FA34-128D-4A69-8B56-FD90C9FC6C6F} = {4BD92379-2858-4DF7-A7CE-FBC6C36F2815}
		{017B25BB-3EEC-471E-A5F0-B7ABFD380056} = {4BD92379-2858-4DF7-A7CE-FBC6C36F2815}
		{D4266FA9-EBB5-4F73-899E-8B83831DD5B4} = {4BD92379-2858-4DF7-A7CE-FBC6C36F2815}
		{18B807E9-6879-4489-8ABF-D7A6E0E53333} = {D4266FA9-EBB5-4F73-899E-8B83831DD5B4}
		{A86A77BF-C353-4263-BE97-46924511D576} = {017B25BB-3EEC-471E-A5F0-B7ABFD380056}
		{777A33C2-6F30-4890-8461-5B14BDCC0408} = {5A06FA34-128D-4A69-8B56-FD90C9FC6C6F}
		{35855D07-1EEA-42A0-B439-D22AEBEF62F9} = {5A06FA34-128D-4A69-8B56-FD90C9FC6C6F}
	EndGlobalSection
	GlobalSection(ExtensibilityGlobals) = postSolution
		SolutionGuid = {EE87B8FF-667D-4E40-B445-A03F5D7A2E28}
	EndGlobalSection
EndGlobal
