
Microsoft Visual Studio Solution File, Format Version 12.00
# Visual Studio Version 17
VisualStudioVersion = 17.10.35027.167
MinimumVisualStudioVersion = 10.0.40219.1
Project("{2150E333-8FDC-42A3-9474-1A3956D46DE8}") = "Services", "Services", "{8D4ECD7B-9DDE-4A01-BB1E-E3FDDEFFDEEF}"
EndProject
Project("{2150E333-8FDC-42A3-9474-1A3956D46DE8}") = "Catalog", "Catalog", "{AE4DEE02-012E-49CC-8089-7EDCF52A7B42}"
EndProject
Project("{9A19103F-16F7-4668-BE54-9A1E7A4F7556}") = "MultiShop.Catalog", "Services\Catalog\MultiShop.Catalog\MultiShop.Catalog.csproj", "{F9EFDFC6-2C24-4F43-BA9B-7B20D4CF0A91}"
EndProject
Project("{2150E333-8FDC-42A3-9474-1A3956D46DE8}") = "Discount", "Discount", "{23E1F83C-C129-447A-B113-34CFB272DFF9}"
EndProject
Project("{9A19103F-16F7-4668-BE54-9A1E7A4F7556}") = "MultiShop.Discount", "Services\Discount\MultiShop.Discount\MultiShop.Discount.csproj", "{B45EC809-651C-423B-BD94-F2C2243A01E4}"
EndProject
Project("{2150E333-8FDC-42A3-9474-1A3956D46DE8}") = "Order", "Order", "{4BD92379-2858-4DF7-A7CE-FBC6C36F2815}"
EndProject
Project("{2150E333-8FDC-42A3-9474-1A3956D46DE8}") = "Core", "Core", "{5A06FA34-128D-4A69-8B56-FD90C9FC6C6F}"
EndProject
Project("{2150E333-8FDC-42A3-9474-1A3956D46DE8}") = "Infrastructure", "Infrastructure", "{017B25BB-3EEC-471E-A5F0-B7ABFD380056}"
EndProject
Project("{2150E333-8FDC-42A3-9474-1A3956D46DE8}") = "Presentation", "Presentation", "{D4266FA9-EBB5-4F73-899E-8B83831DD5B4}"
EndProject
Project("{9A19103F-16F7-4668-BE54-9A1E7A4F7556}") = "MultiShop.Order.API", "Services\Order\Presentation\MultiShop.Order.API\MultiShop.Order.API.csproj", "{18B807E9-6879-4489-8ABF-D7A6E0E53333}"
EndProject
Project("{9A19103F-16F7-4668-BE54-9A1E7A4F7556}") = "MultiShop.Order.Persistence", "Services\Order\Infrastructure\MultiShop.Order.Persistence\MultiShop.Order.Persistence.csproj", "{A86A77BF-C353-4263-BE97-46924511D576}"
EndProject
Project("{9A19103F-16F7-4668-BE54-9A1E7A4F7556}") = "MultiShop.Order.Application", "Services\Order\Core\MultiShop.Order.Application\MultiShop.Order.Application.csproj", "{777A33C2-6F30-4890-8461-5B14BDCC0408}"
EndProject
Project("{9A19103F-16F7-4668-BE54-9A1E7A4F7556}") = "MultiShop.Order.Domain", "Services\Order\Core\MultiShop.Order.Domain\MultiShop.Order.Domain.csproj", "{35855D07-1EEA-42A0-B439-D22AEBEF62F9}"
EndProject
Project("{2150E333-8FDC-42A3-9474-1A3956D46DE8}") = "IdentityServer", "IdentityServer", "{E059D8D9-02EE-460E-84C2-BBD2F90BC940}"
EndProject
Project("{9A19103F-16F7-4668-BE54-9A1E7A4F7556}") = "MultiShop.IdentityServer", "IdentityServer\MultiShop.IdentityServer\MultiShop.IdentityServer.csproj", "{58911D7E-519A-4FFB-A837-7D8503D76B84}"
EndProject
Project("{2150E333-8FDC-42A3-9474-1A3956D46DE8}") = "Cargo", "Cargo", "{F8DD43F1-5099-4CD6-996C-775B2DC8DE8F}"
EndProject
Project("{9A19103F-16F7-4668-BE54-9A1E7A4F7556}") = "MultiShop.Cargo.BusinessLayer", "Services\Cargo\MultiShop.Cargo.BusinessLayer\MultiShop.Cargo.BusinessLayer.csproj", "{20D5821D-DA47-4E29-B2DA-82BC225258B6}"
EndProject
Project("{9A19103F-16F7-4668-BE54-9A1E7A4F7556}") = "MultiShop.Cargo.DataAccessLayer", "Services\Cargo\MultiShop.Cargo.DataAccessLayer\MultiShop.Cargo.DataAccessLayer.csproj", "{26DE799A-F17B-4702-AE67-5DF77698657B}"
EndProject
Project("{9A19103F-16F7-4668-BE54-9A1E7A4F7556}") = "MultiShop.Cargo.DTOLayer", "Services\Cargo\MultiShop.Cargo.DTOLayer\MultiShop.Cargo.DTOLayer.csproj", "{8BB9B5C8-E8FF-459C-AAE2-436DE33F7323}"
EndProject
Project("{9A19103F-16F7-4668-BE54-9A1E7A4F7556}") = "MultiShop.Cargo.EntityLayer", "Services\Cargo\MultiShop.Cargo.EntityLayer\MultiShop.Cargo.EntityLayer.csproj", "{649E6906-62BB-4926-B452-6B58C1C17B66}"
EndProject
Project("{9A19103F-16F7-4668-BE54-9A1E7A4F7556}") = "MultiShop.Cargo.API", "Services\Cargo\MultiShop.Cargo.API\MultiShop.Cargo.API.csproj", "{742BEBEB-71D4-49D9-B4A8-26A2B1B612F3}"
EndProject
Project("{2150E333-8FDC-42A3-9474-1A3956D46DE8}") = "Basket", "Basket", "{AD19F374-C0B4-406A-B804-E1F9DF506095}"
EndProject
Project("{9A19103F-16F7-4668-BE54-9A1E7A4F7556}") = "MultiShop.Basket", "Services\Basket\MultiShop.Basket\MultiShop.Basket.csproj", "{890DE843-D48A-4365-B305-B3FAA2A913C0}"
EndProject
Project("{2150E333-8FDC-42A3-9474-1A3956D46DE8}") = "Frontends", "Frontends", "{EE2DA88C-AB35-4F01-9E41-B35ED89C7D08}"
EndProject
Project("{FAE04EC0-301F-11D3-BF4B-00C04F79EFBC}") = "MultiShop.UI", "Frontends\MultiShop.UI\MultiShop.UI.csproj", "{6E967325-B298-40D3-BDB8-D0AA3EC5063B}"
EndProject
Global
	GlobalSection(SolutionConfigurationPlatforms) = preSolution
		Debug|Any CPU = Debug|Any CPU
		Release|Any CPU = Release|Any CPU
	EndGlobalSection
	GlobalSection(ProjectConfigurationPlatforms) = postSolution
		{F9EFDFC6-2C24-4F43-BA9B-7B20D4CF0A91}.Debug|Any CPU.ActiveCfg = Debug|Any CPU
		{F9EFDFC6-2C24-4F43-BA9B-7B20D4CF0A91}.Debug|Any CPU.Build.0 = Debug|Any CPU
		{F9EFDFC6-2C24-4F43-BA9B-7B20D4CF0A91}.Release|Any CPU.ActiveCfg = Release|Any CPU
		{F9EFDFC6-2C24-4F43-BA9B-7B20D4CF0A91}.Release|Any CPU.Build.0 = Release|Any CPU
		{B45EC809-651C-423B-BD94-F2C2243A01E4}.Debug|Any CPU.ActiveCfg = Debug|Any CPU
		{B45EC809-651C-423B-BD94-F2C2243A01E4}.Debug|Any CPU.Build.0 = Debug|Any CPU
		{B45EC809-651C-423B-BD94-F2C2243A01E4}.Release|Any CPU.ActiveCfg = Release|Any CPU
		{B45EC809-651C-423B-BD94-F2C2243A01E4}.Release|Any CPU.Build.0 = Release|Any CPU
		{18B807E9-6879-4489-8ABF-D7A6E0E53333}.Debug|Any CPU.ActiveCfg = Debug|Any CPU
		{18B807E9-6879-4489-8ABF-D7A6E0E53333}.Debug|Any CPU.Build.0 = Debug|Any CPU
		{18B807E9-6879-4489-8ABF-D7A6E0E53333}.Release|Any CPU.ActiveCfg = Release|Any CPU
		{18B807E9-6879-4489-8ABF-D7A6E0E53333}.Release|Any CPU.Build.0 = Release|Any CPU
		{A86A77BF-C353-4263-BE97-46924511D576}.Debug|Any CPU.ActiveCfg = Debug|Any CPU
		{A86A77BF-C353-4263-BE97-46924511D576}.Debug|Any CPU.Build.0 = Debug|Any CPU
		{A86A77BF-C353-4263-BE97-46924511D576}.Release|Any CPU.ActiveCfg = Release|Any CPU
		{A86A77BF-C353-4263-BE97-46924511D576}.Release|Any CPU.Build.0 = Release|Any CPU
		{777A33C2-6F30-4890-8461-5B14BDCC0408}.Debug|Any CPU.ActiveCfg = Debug|Any CPU
		{777A33C2-6F30-4890-8461-5B14BDCC0408}.Debug|Any CPU.Build.0 = Debug|Any CPU
		{777A33C2-6F30-4890-8461-5B14BDCC0408}.Release|Any CPU.ActiveCfg = Release|Any CPU
		{777A33C2-6F30-4890-8461-5B14BDCC0408}.Release|Any CPU.Build.0 = Release|Any CPU
		{35855D07-1EEA-42A0-B439-D22AEBEF62F9}.Debug|Any CPU.ActiveCfg = Debug|Any CPU
		{35855D07-1EEA-42A0-B439-D22AEBEF62F9}.Debug|Any CPU.Build.0 = Debug|Any CPU
		{35855D07-1EEA-42A0-B439-D22AEBEF62F9}.Release|Any CPU.ActiveCfg = Release|Any CPU
		{35855D07-1EEA-42A0-B439-D22AEBEF62F9}.Release|Any CPU.Build.0 = Release|Any CPU
		{58911D7E-519A-4FFB-A837-7D8503D76B84}.Debug|Any CPU.ActiveCfg = Debug|Any CPU
		{58911D7E-519A-4FFB-A837-7D8503D76B84}.Debug|Any CPU.Build.0 = Debug|Any CPU
		{58911D7E-519A-4FFB-A837-7D8503D76B84}.Release|Any CPU.ActiveCfg = Release|Any CPU
		{58911D7E-519A-4FFB-A837-7D8503D76B84}.Release|Any CPU.Build.0 = Release|Any CPU
		{20D5821D-DA47-4E29-B2DA-82BC225258B6}.Debug|Any CPU.ActiveCfg = Debug|Any CPU
		{20D5821D-DA47-4E29-B2DA-82BC225258B6}.Debug|Any CPU.Build.0 = Debug|Any CPU
		{20D5821D-DA47-4E29-B2DA-82BC225258B6}.Release|Any CPU.ActiveCfg = Release|Any CPU
		{20D5821D-DA47-4E29-B2DA-82BC225258B6}.Release|Any CPU.Build.0 = Release|Any CPU
		{26DE799A-F17B-4702-AE67-5DF77698657B}.Debug|Any CPU.ActiveCfg = Debug|Any CPU
		{26DE799A-F17B-4702-AE67-5DF77698657B}.Debug|Any CPU.Build.0 = Debug|Any CPU
		{26DE799A-F17B-4702-AE67-5DF77698657B}.Release|Any CPU.ActiveCfg = Release|Any CPU
		{26DE799A-F17B-4702-AE67-5DF77698657B}.Release|Any CPU.Build.0 = Release|Any CPU
		{8BB9B5C8-E8FF-459C-AAE2-436DE33F7323}.Debug|Any CPU.ActiveCfg = Debug|Any CPU
		{8BB9B5C8-E8FF-459C-AAE2-436DE33F7323}.Debug|Any CPU.Build.0 = Debug|Any CPU
		{8BB9B5C8-E8FF-459C-AAE2-436DE33F7323}.Release|Any CPU.ActiveCfg = Release|Any CPU
		{8BB9B5C8-E8FF-459C-AAE2-436DE33F7323}.Release|Any CPU.Build.0 = Release|Any CPU
		{649E6906-62BB-4926-B452-6B58C1C17B66}.Debug|Any CPU.ActiveCfg = Debug|Any CPU
		{649E6906-62BB-4926-B452-6B58C1C17B66}.Debug|Any CPU.Build.0 = Debug|Any CPU
		{649E6906-62BB-4926-B452-6B58C1C17B66}.Release|Any CPU.ActiveCfg = Release|Any CPU
		{649E6906-62BB-4926-B452-6B58C1C17B66}.Release|Any CPU.Build.0 = Release|Any CPU
		{742BEBEB-71D4-49D9-B4A8-26A2B1B612F3}.Debug|Any CPU.ActiveCfg = Debug|Any CPU
		{742BEBEB-71D4-49D9-B4A8-26A2B1B612F3}.Debug|Any CPU.Build.0 = Debug|Any CPU
		{742BEBEB-71D4-49D9-B4A8-26A2B1B612F3}.Release|Any CPU.ActiveCfg = Release|Any CPU
		{742BEBEB-71D4-49D9-B4A8-26A2B1B612F3}.Release|Any CPU.Build.0 = Release|Any CPU
		{890DE843-D48A-4365-B305-B3FAA2A913C0}.Debug|Any CPU.ActiveCfg = Debug|Any CPU
		{890DE843-D48A-4365-B305-B3FAA2A913C0}.Debug|Any CPU.Build.0 = Debug|Any CPU
		{890DE843-D48A-4365-B305-B3FAA2A913C0}.Release|Any CPU.ActiveCfg = Release|Any CPU
		{890DE843-D48A-4365-B305-B3FAA2A913C0}.Release|Any CPU.Build.0 = Release|Any CPU
		{6E967325-B298-40D3-BDB8-D0AA3EC5063B}.Debug|Any CPU.ActiveCfg = Debug|Any CPU
		{6E967325-B298-40D3-BDB8-D0AA3EC5063B}.Debug|Any CPU.Build.0 = Debug|Any CPU
		{6E967325-B298-40D3-BDB8-D0AA3EC5063B}.Release|Any CPU.ActiveCfg = Release|Any CPU
		{6E967325-B298-40D3-BDB8-D0AA3EC5063B}.Release|Any CPU.Build.0 = Release|Any CPU
	EndGlobalSection
	GlobalSection(SolutionProperties) = preSolution
		HideSolutionNode = FALSE
	EndGlobalSection
	GlobalSection(NestedProjects) = preSolution
		{AE4DEE02-012E-49CC-8089-7EDCF52A7B42} = {8D4ECD7B-9DDE-4A01-BB1E-E3FDDEFFDEEF}
		{F9EFDFC6-2C24-4F43-BA9B-7B20D4CF0A91} = {AE4DEE02-012E-49CC-8089-7EDCF52A7B42}
		{23E1F83C-C129-447A-B113-34CFB272DFF9} = {8D4ECD7B-9DDE-4A01-BB1E-E3FDDEFFDEEF}
		{B45EC809-651C-423B-BD94-F2C2243A01E4} = {23E1F83C-C129-447A-B113-34CFB272DFF9}
		{4BD92379-2858-4DF7-A7CE-FBC6C36F2815} = {8D4ECD7B-9DDE-4A01-BB1E-E3FDDEFFDEEF}
		{5A06FA34-128D-4A69-8B56-FD90C9FC6C6F} = {4BD92379-2858-4DF7-A7CE-FBC6C36F2815}
		{017B25BB-3EEC-471E-A5F0-B7ABFD380056} = {4BD92379-2858-4DF7-A7CE-FBC6C36F2815}
		{D4266FA9-EBB5-4F73-899E-8B83831DD5B4} = {4BD92379-2858-4DF7-A7CE-FBC6C36F2815}
		{18B807E9-6879-4489-8ABF-D7A6E0E53333} = {D4266FA9-EBB5-4F73-899E-8B83831DD5B4}
		{A86A77BF-C353-4263-BE97-46924511D576} = {017B25BB-3EEC-471E-A5F0-B7ABFD380056}
		{777A33C2-6F30-4890-8461-5B14BDCC0408} = {5A06FA34-128D-4A69-8B56-FD90C9FC6C6F}
		{35855D07-1EEA-42A0-B439-D22AEBEF62F9} = {5A06FA34-128D-4A69-8B56-FD90C9FC6C6F}
		{58911D7E-519A-4FFB-A837-7D8503D76B84} = {E059D8D9-02EE-460E-84C2-BBD2F90BC940}
		{F8DD43F1-5099-4CD6-996C-775B2DC8DE8F} = {8D4ECD7B-9DDE-4A01-BB1E-E3FDDEFFDEEF}
		{20D5821D-DA47-4E29-B2DA-82BC225258B6} = {F8DD43F1-5099-4CD6-996C-775B2DC8DE8F}
		{26DE799A-F17B-4702-AE67-5DF77698657B} = {F8DD43F1-5099-4CD6-996C-775B2DC8DE8F}
		{8BB9B5C8-E8FF-459C-AAE2-436DE33F7323} = {F8DD43F1-5099-4CD6-996C-775B2DC8DE8F}
		{649E6906-62BB-4926-B452-6B58C1C17B66} = {F8DD43F1-5099-4CD6-996C-775B2DC8DE8F}
		{742BEBEB-71D4-49D9-B4A8-26A2B1B612F3} = {F8DD43F1-5099-4CD6-996C-775B2DC8DE8F}
		{AD19F374-C0B4-406A-B804-E1F9DF506095} = {8D4ECD7B-9DDE-4A01-BB1E-E3FDDEFFDEEF}
		{890DE843-D48A-4365-B305-B3FAA2A913C0} = {AD19F374-C0B4-406A-B804-E1F9DF506095}
		{6E967325-B298-40D3-BDB8-D0AA3EC5063B} = {EE2DA88C-AB35-4F01-9E41-B35ED89C7D08}
	EndGlobalSection
	GlobalSection(ExtensibilityGlobals) = postSolution
		SolutionGuid = {EE87B8FF-667D-4E40-B445-A03F5D7A2E28}
	EndGlobalSection
EndGlobal
